// !$*UTF8*$!
{
	archiveVersion = 1;
	classes = {
	};
	objectVersion = 46;
	objects = {

/* Begin PBXBuildFile section */
		F74F0CBD1AC78D3000E87CCF /* GLUT.framework in Frameworks */ = {isa = PBXBuildFile; fileRef = 6D4922C91AC58BA000101C68 /* GLUT.framework */; };
		F74F0CBE1AC78D3000E87CCF /* OpenGL.framework in Frameworks */ = {isa = PBXBuildFile; fileRef = 6D4922CA1AC58BA000101C68 /* OpenGL.framework */; };
		F74F0CCA1AC78D8800E87CCF /* KinematicsSimulator.cpp in Sources */ = {isa = PBXBuildFile; fileRef = F74F0CBF1AC78D8800E87CCF /* KinematicsSimulator.cpp */; };
		F74F0CCB1AC78D8800E87CCF /* main.cpp in Sources */ = {isa = PBXBuildFile; fileRef = F74F0CC11AC78D8800E87CCF /* main.cpp */; };
		F74F0CCC1AC78D8800E87CCF /* Particle.cpp in Sources */ = {isa = PBXBuildFile; fileRef = F74F0CC21AC78D8800E87CCF /* Particle.cpp */; };
		F74F0CCD1AC78D8800E87CCF /* Simulator.cpp in Sources */ = {isa = PBXBuildFile; fileRef = F74F0CC41AC78D8800E87CCF /* Simulator.cpp */; };
		F74F0CCE1AC78D8800E87CCF /* StopWatch.cpp in Sources */ = {isa = PBXBuildFile; fileRef = F74F0CC61AC78D8800E87CCF /* StopWatch.cpp */; };
		F74F0CCF1AC78D8800E87CCF /* Vec3d.cpp in Sources */ = {isa = PBXBuildFile; fileRef = F74F0CC81AC78D8800E87CCF /* Vec3d.cpp */; };
/* End PBXBuildFile section */

/* Begin PBXCopyFilesBuildPhase section */
		6D4922B21AC58B6300101C68 /* CopyFiles */ = {
			isa = PBXCopyFilesBuildPhase;
			buildActionMask = 2147483647;
			dstPath = /usr/share/man/man1/;
			dstSubfolderSpec = 0;
			files = (
			);
			runOnlyForDeploymentPostprocessing = 1;
		};
/* End PBXCopyFilesBuildPhase section */

/* Begin PBXFileReference section */
		6D4922B41AC58B6300101C68 /* GPcode01_01_xcode */ = {isa = PBXFileReference; explicitFileType = "compiled.mach-o.executable"; includeInIndex = 0; path = GPcode01_01_xcode; sourceTree = BUILT_PRODUCTS_DIR; };
		6D4922C91AC58BA000101C68 /* GLUT.framework */ = {isa = PBXFileReference; lastKnownFileType = wrapper.framework; name = GLUT.framework; path = System/Library/Frameworks/GLUT.framework; sourceTree = SDKROOT; };
		6D4922CA1AC58BA000101C68 /* OpenGL.framework */ = {isa = PBXFileReference; lastKnownFileType = wrapper.framework; name = OpenGL.framework; path = System/Library/Frameworks/OpenGL.framework; sourceTree = SDKROOT; };
		F74F0CBF1AC78D8800E87CCF /* KinematicsSimulator.cpp */ = {isa = PBXFileReference; fileEncoding = 4; lastKnownFileType = sourcecode.cpp.cpp; path = KinematicsSimulator.cpp; sourceTree = "<group>"; };
		F74F0CC01AC78D8800E87CCF /* KinematicsSimulator.h */ = {isa = PBXFileReference; fileEncoding = 4; lastKnownFileType = sourcecode.c.h; path = KinematicsSimulator.h; sourceTree = "<group>"; };
		F74F0CC11AC78D8800E87CCF /* main.cpp */ = {isa = PBXFileReference; fileEncoding = 4; lastKnownFileType = sourcecode.cpp.cpp; path = main.cpp; sourceTree = "<group>"; };
		F74F0CC21AC78D8800E87CCF /* Particle.cpp */ = {isa = PBXFileReference; fileEncoding = 4; lastKnownFileType = sourcecode.cpp.cpp; path = Particle.cpp; sourceTree = "<group>"; };
		F74F0CC31AC78D8800E87CCF /* Particle.h */ = {isa = PBXFileReference; fileEncoding = 4; lastKnownFileType = sourcecode.c.h; path = Particle.h; sourceTree = "<group>"; };
		F74F0CC41AC78D8800E87CCF /* Simulator.cpp */ = {isa = PBXFileReference; fileEncoding = 4; lastKnownFileType = sourcecode.cpp.cpp; path = Simulator.cpp; sourceTree = "<group>"; };
		F74F0CC51AC78D8800E87CCF /* Simulator.h */ = {isa = PBXFileReference; fileEncoding = 4; lastKnownFileType = sourcecode.c.h; path = Simulator.h; sourceTree = "<group>"; };
		F74F0CC61AC78D8800E87CCF /* StopWatch.cpp */ = {isa = PBXFileReference; fileEncoding = 4; lastKnownFileType = sourcecode.cpp.cpp; path = StopWatch.cpp; sourceTree = "<group>"; };
		F74F0CC71AC78D8800E87CCF /* StopWatch.h */ = {isa = PBXFileReference; fileEncoding = 4; lastKnownFileType = sourcecode.c.h; path = StopWatch.h; sourceTree = "<group>"; };
		F74F0CC81AC78D8800E87CCF /* Vec3d.cpp */ = {isa = PBXFileReference; fileEncoding = 4; lastKnownFileType = sourcecode.cpp.cpp; path = Vec3d.cpp; sourceTree = "<group>"; };
		F74F0CC91AC78D8800E87CCF /* Vec3d.h */ = {isa = PBXFileReference; fileEncoding = 4; lastKnownFileType = sourcecode.c.h; path = Vec3d.h; sourceTree = "<group>"; };
/* End PBXFileReference section */

/* Begin PBXFrameworksBuildPhase section */
		6D4922B11AC58B6300101C68 /* Frameworks */ = {
			isa = PBXFrameworksBuildPhase;
			buildActionMask = 2147483647;
			files = (
				F74F0CBD1AC78D3000E87CCF /* GLUT.framework in Frameworks */,
				F74F0CBE1AC78D3000E87CCF /* OpenGL.framework in Frameworks */,
			);
			runOnlyForDeploymentPostprocessing = 0;
		};
/* End PBXFrameworksBuildPhase section */

/* Begin PBXGroup section */
		6D4922AB1AC58B6300101C68 = {
			isa = PBXGroup;
			children = (
				6D4922C91AC58BA000101C68 /* GLUT.framework */,
				6D4922CA1AC58BA000101C68 /* OpenGL.framework */,
				6D4922B61AC58B6300101C68 /* GPcode01_01_xcode */,
				6D4922B51AC58B6300101C68 /* Products */,
			);
			sourceTree = "<group>";
		};
		6D4922B51AC58B6300101C68 /* Products */ = {
			isa = PBXGroup;
			children = (
				6D4922B41AC58B6300101C68 /* GPcode01_01_xcode */,
			);
			name = Products;
			sourceTree = "<group>";
		};
		6D4922B61AC58B6300101C68 /* GPcode01_01_xcode */ = {
			isa = PBXGroup;
			children = (
				F74F0CC01AC78D8800E87CCF /* KinematicsSimulator.h */,
				F74F0CBF1AC78D8800E87CCF /* KinematicsSimulator.cpp */,
				F74F0CC11AC78D8800E87CCF /* main.cpp */,
				F74F0CC31AC78D8800E87CCF /* Particle.h */,
				F74F0CC21AC78D8800E87CCF /* Particle.cpp */,
				F74F0CC51AC78D8800E87CCF /* Simulator.h */,
				F74F0CC41AC78D8800E87CCF /* Simulator.cpp */,
				F74F0CC71AC78D8800E87CCF /* StopWatch.h */,
				F74F0CC61AC78D8800E87CCF /* StopWatch.cpp */,
				F74F0CC91AC78D8800E87CCF /* Vec3d.h */,
				F74F0CC81AC78D8800E87CCF /* Vec3d.cpp */,
			);
			name = GPcode01_01_xcode;
			path = ../GPcode01_01_KinematicParticle;
			sourceTree = SOURCE_ROOT;
		};
/* End PBXGroup section */

/* Begin PBXNativeTarget section */
		6D4922B31AC58B6300101C68 /* GPcode01_01_xcode */ = {
			isa = PBXNativeTarget;
			buildConfigurationList = 6D4922BB1AC58B6300101C68 /* Build configuration list for PBXNativeTarget "GPcode01_01_xcode" */;
			buildPhases = (
				6D4922B01AC58B6300101C68 /* Sources */,
				6D4922B11AC58B6300101C68 /* Frameworks */,
				6D4922B21AC58B6300101C68 /* CopyFiles */,
			);
			buildRules = (
			);
			dependencies = (
			);
			name = GPcode01_01_xcode;
			productName = GPcode01_01_xcode;
			productReference = 6D4922B41AC58B6300101C68 /* GPcode01_01_xcode */;
			productType = "com.apple.product-type.tool";
		};
/* End PBXNativeTarget section */

/* Begin PBXProject section */
		6D4922AC1AC58B6300101C68 /* Project object */ = {
			isa = PBXProject;
			attributes = {
				LastUpgradeCheck = 0620;
				ORGANIZATIONNAME = "young-min kang";
				TargetAttributes = {
					6D4922B31AC58B6300101C68 = {
						CreatedOnToolsVersion = 6.2;
					};
				};
			};
			buildConfigurationList = 6D4922AF1AC58B6300101C68 /* Build configuration list for PBXProject "GPcode01_01_xcode" */;
			compatibilityVersion = "Xcode 3.2";
			developmentRegion = English;
			hasScannedForEncodings = 0;
			knownRegions = (
				en,
			);
			mainGroup = 6D4922AB1AC58B6300101C68;
			productRefGroup = 6D4922B51AC58B6300101C68 /* Products */;
			projectDirPath = "";
			projectRoot = "";
			targets = (
				6D4922B31AC58B6300101C68 /* GPcode01_01_xcode */,
			);
		};
/* End PBXProject section */

/* Begin PBXSourcesBuildPhase section */
		6D4922B01AC58B6300101C68 /* Sources */ = {
			isa = PBXSourcesBuildPhase;
			buildActionMask = 2147483647;
			files = (
				F74F0CCB1AC78D8800E87CCF /* main.cpp in Sources */,
				F74F0CCE1AC78D8800E87CCF /* StopWatch.cpp in Sources */,
				F74F0CCC1AC78D8800E87CCF /* Particle.cpp in Sources */,
				F74F0CCD1AC78D8800E87CCF /* Simulator.cpp in Sources */,
				F74F0CCA1AC78D8800E87CCF /* KinematicsSimulator.cpp in Sources */,
				F74F0CCF1AC78D8800E87CCF /* Vec3d.cpp in Sources */,
			);
			runOnlyForDeploymentPostprocessing = 0;
		};
/* End PBXSourcesBuildPhase section */

/* Begin XCBuildConfiguration section */
		6D4922B91AC58B6300101C68 /* Debug */ = {
			isa = XCBuildConfiguration;
			buildSettings = {
				ALWAYS_SEARCH_USER_PATHS = NO;
				CLANG_CXX_LANGUAGE_STANDARD = "gnu++0x";
				CLANG_CXX_LIBRARY = "libc++";
				CLANG_ENABLE_MODULES = YES;
				CLANG_ENABLE_OBJC_ARC = YES;
				CLANG_WARN_BOOL_CONVERSION = YES;
				CLANG_WARN_CONSTANT_CONVERSION = YES;
				CLANG_WARN_DIRECT_OBJC_ISA_USAGE = YES_ERROR;
				CLANG_WARN_EMPTY_BODY = YES;
				CLANG_WARN_ENUM_CONVERSION = YES;
				CLANG_WARN_INT_CONVERSION = YES;
				CLANG_WARN_OBJC_ROOT_CLASS = YES_ERROR;
				CLANG_WARN_UNREACHABLE_CODE = YES;
				CLANG_WARN__DUPLICATE_METHOD_MATCH = YES;
				COPY_PHASE_STRIP = NO;
				ENABLE_STRICT_OBJC_MSGSEND = YES;
				GCC_C_LANGUAGE_STANDARD = gnu99;
				GCC_DYNAMIC_NO_PIC = NO;
				GCC_OPTIMIZATION_LEVEL = 0;
				GCC_PREPROCESSOR_DEFINITIONS = (
					"DEBUG=1",
					"$(inherited)",
				);
				GCC_SYMBOLS_PRIVATE_EXTERN = NO;
				GCC_WARN_64_TO_32_BIT_CONVERSION = YES;
				GCC_WARN_ABOUT_RETURN_TYPE = YES_ERROR;
				GCC_WARN_UNDECLARED_SELECTOR = YES;
				GCC_WARN_UNINITIALIZED_AUTOS = YES_AGGRESSIVE;
				GCC_WARN_UNUSED_FUNCTION = YES;
				GCC_WARN_UNUSED_VARIABLE = YES;
				MACOSX_DEPLOYMENT_TARGET = 10.8;
				MTL_ENABLE_DEBUG_INFO = YES;
				ONLY_ACTIVE_ARCH = YES;
				SDKROOT = macosx10.9;
			};
			name = Debug;
		};
		6D4922BA1AC58B6300101C68 /* Release */ = {
			isa = XCBuildConfiguration;
			buildSettings = {
				ALWAYS_SEARCH_USER_PATHS = NO;
				CLANG_CXX_LANGUAGE_STANDARD = "gnu++0x";
				CLANG_CXX_LIBRARY = "libc++";
				CLANG_ENABLE_MODULES = YES;
				CLANG_ENABLE_OBJC_ARC = YES;
				CLANG_WARN_BOOL_CONVERSION = YES;
				CLANG_WARN_CONSTANT_CONVERSION = YES;
				CLANG_WARN_DIRECT_OBJC_ISA_USAGE = YES_ERROR;
				CLANG_WARN_EMPTY_BODY = YES;
				CLANG_WARN_ENUM_CONVERSION = YES;
				CLANG_WARN_INT_CONVERSION = YES;
				CLANG_WARN_OBJC_ROOT_CLASS = YES_ERROR;
				CLANG_WARN_UNREACHABLE_CODE = YES;
				CLANG_WARN__DUPLICATE_METHOD_MATCH = YES;
				COPY_PHASE_STRIP = NO;
				DEBUG_INFORMATION_FORMAT = "dwarf-with-dsym";
				ENABLE_NS_ASSERTIONS = NO;
				ENABLE_STRICT_OBJC_MSGSEND = YES;
				GCC_C_LANGUAGE_STANDARD = gnu99;
				GCC_WARN_64_TO_32_BIT_CONVERSION = YES;
				GCC_WARN_ABOUT_RETURN_TYPE = YES_ERROR;
				GCC_WARN_UNDECLARED_SELECTOR = YES;
				GCC_WARN_UNINITIALIZED_AUTOS = YES_AGGRESSIVE;
				GCC_WARN_UNUSED_FUNCTION = YES;
				GCC_WARN_UNUSED_VARIABLE = YES;
				MACOSX_DEPLOYMENT_TARGET = 10.8;
				MTL_ENABLE_DEBUG_INFO = NO;
				SDKROOT = macosx10.9;
			};
			name = Release;
		};
		6D4922BC1AC58B6300101C68 /* Debug */ = {
			isa = XCBuildConfiguration;
			buildSettings = {
				ARCHS = "$(NATIVE_ARCH_ACTUAL)";
				MACOSX_DEPLOYMENT_TARGET = 10.8;
				PRODUCT_NAME = "$(TARGET_NAME)";
				SDKROOT = macosx10.9;
			};
			name = Debug;
		};
		6D4922BD1AC58B6300101C68 /* Release */ = {
			isa = XCBuildConfiguration;
			buildSettings = {
				ARCHS = "$(NATIVE_ARCH_ACTUAL)";
				MACOSX_DEPLOYMENT_TARGET = 10.8;
				PRODUCT_NAME = "$(TARGET_NAME)";
				SDKROOT = macosx10.9;
			};
			name = Release;
		};
/* End XCBuildConfiguration section */

/* Begin XCConfigurationList section */
		6D4922AF1AC58B6300101C68 /* Build configuration list for PBXProject "GPcode01_01_xcode" */ = {
			isa = XCConfigurationList;
			buildConfigurations = (
				6D4922B91AC58B6300101C68 /* Debug */,
				6D4922BA1AC58B6300101C68 /* Release */,
			);
			defaultConfigurationIsVisible = 0;
			defaultConfigurationName = Release;
		};
		6D4922BB1AC58B6300101C68 /* Build configuration list for PBXNativeTarget "GPcode01_01_xcode" */ = {
			isa = XCConfigurationList;
			buildConfigurations = (
				6D4922BC1AC58B6300101C68 /* Debug */,
				6D4922BD1AC58B6300101C68 /* Release */,
			);
			defaultConfigurationIsVisible = 0;
			defaultConfigurationName = Release;
		};
/* End XCConfigurationList section */
	};
	rootObject = 6D4922AC1AC58B6300101C68 /* Project object */;
}
